
Microsoft Visual Studio Solution File, Format Version 12.00
# Visual Studio Version 17
VisualStudioVersion = 17.0.32014.148
MinimumVisualStudioVersion = 10.0.40219.1
Project("{FAE04EC0-301F-11D3-BF4B-00C04F79EFBC}") = "os-demo5", "os-demo5\os-demo5.csproj", "{6B8E7195-BE5C-4BC3-944B-3BB11D8C739E}"
EndProject
Global
	GlobalSection(SolutionConfigurationPlatforms) = preSolution
		Debug|Any CPU = Debug|Any CPU
		Release|Any CPU = Release|Any CPU
	EndGlobalSection
	GlobalSection(ProjectConfigurationPlatforms) = postSolution
		{6B8E7195-BE5C-4BC3-944B-3BB11D8C739E}.Debug|Any CPU.ActiveCfg = Debug|Any CPU
		{6B8E7195-BE5C-4BC3-944B-3BB11D8C739E}.Debug|Any CPU.Build.0 = Debug|Any CPU
		{6B8E7195-BE5C-4BC3-944B-3BB11D8C739E}.Release|Any CPU.ActiveCfg = Release|Any CPU
		{6B8E7195-BE5C-4BC3-944B-3BB11D8C739E}.Release|Any CPU.Build.0 = Release|Any CPU
	EndGlobalSection
	GlobalSection(SolutionProperties) = preSolution
		HideSolutionNode = FALSE
	EndGlobalSection
	GlobalSection(ExtensibilityGlobals) = postSolution
		SolutionGuid = {48464B70-54BE-40D2-870E-39FFB6948214}
	EndGlobalSection
EndGlobal
